
Microsoft Visual Studio Solution File, Format Version 12.00
# Visual Studio Version 17
VisualStudioVersion = 17.3.32901.215
MinimumVisualStudioVersion = 10.0.40219.1
Project("{FAE04EC0-301F-11D3-BF4B-00C04F79EFBC}") = "Практическая работа 11", "Практическая работа 11\Практическая работа 11.csproj", "{A322E4A7-65DC-4F30-B04F-489EB547673D}"
EndProject
Project("{FAE04EC0-301F-11D3-BF4B-00C04F79EFBC}") = "Задание 2", "Задание 2\Задание 2.csproj", "{E523107F-814B-4FC0-A35B-32EF4BB00EFA}"
EndProject
Project("{FAE04EC0-301F-11D3-BF4B-00C04F79EFBC}") = "Задание 3", "Задание 3\Задание 3.csproj", "{F70854A0-87C5-4340-91F4-1599CEA4980C}"
EndProject
Project("{FAE04EC0-301F-11D3-BF4B-00C04F79EFBC}") = "Задание 4", "Задание 4\Задание 4.csproj", "{64C8D18E-4C57-4DD0-9A19-128F83B3D236}"
EndProject
Global
	GlobalSection(SolutionConfigurationPlatforms) = preSolution
		Debug|Any CPU = Debug|Any CPU
		Release|Any CPU = Release|Any CPU
	EndGlobalSection
	GlobalSection(ProjectConfigurationPlatforms) = postSolution
		{A322E4A7-65DC-4F30-B04F-489EB547673D}.Debug|Any CPU.ActiveCfg = Debug|Any CPU
		{A322E4A7-65DC-4F30-B04F-489EB547673D}.Debug|Any CPU.Build.0 = Debug|Any CPU
		{A322E4A7-65DC-4F30-B04F-489EB547673D}.Release|Any CPU.ActiveCfg = Release|Any CPU
		{A322E4A7-65DC-4F30-B04F-489EB547673D}.Release|Any CPU.Build.0 = Release|Any CPU
		{E523107F-814B-4FC0-A35B-32EF4BB00EFA}.Debug|Any CPU.ActiveCfg = Debug|Any CPU
		{E523107F-814B-4FC0-A35B-32EF4BB00EFA}.Debug|Any CPU.Build.0 = Debug|Any CPU
		{E523107F-814B-4FC0-A35B-32EF4BB00EFA}.Release|Any CPU.ActiveCfg = Release|Any CPU
		{E523107F-814B-4FC0-A35B-32EF4BB00EFA}.Release|Any CPU.Build.0 = Release|Any CPU
		{F70854A0-87C5-4340-91F4-1599CEA4980C}.Debug|Any CPU.ActiveCfg = Debug|Any CPU
		{F70854A0-87C5-4340-91F4-1599CEA4980C}.Debug|Any CPU.Build.0 = Debug|Any CPU
		{F70854A0-87C5-4340-91F4-1599CEA4980C}.Release|Any CPU.ActiveCfg = Release|Any CPU
		{F70854A0-87C5-4340-91F4-1599CEA4980C}.Release|Any CPU.Build.0 = Release|Any CPU
		{64C8D18E-4C57-4DD0-9A19-128F83B3D236}.Debug|Any CPU.ActiveCfg = Debug|Any CPU
		{64C8D18E-4C57-4DD0-9A19-128F83B3D236}.Debug|Any CPU.Build.0 = Debug|Any CPU
		{64C8D18E-4C57-4DD0-9A19-128F83B3D236}.Release|Any CPU.ActiveCfg = Release|Any CPU
		{64C8D18E-4C57-4DD0-9A19-128F83B3D236}.Release|Any CPU.Build.0 = Release|Any CPU
	EndGlobalSection
	GlobalSection(SolutionProperties) = preSolution
		HideSolutionNode = FALSE
	EndGlobalSection
	GlobalSection(ExtensibilityGlobals) = postSolution
		SolutionGuid = {35F100FC-20A0-4B3D-975F-C34EF005F634}
	EndGlobalSection
EndGlobal
